
Microsoft Visual Studio Solution File, Format Version 12.00
# Visual Studio 15
VisualStudioVersion = 15.0.27703.2035
MinimumVisualStudioVersion = 10.0.40219.1
Project("{9A19103F-16F7-4668-BE54-9A1E7A4F7556}") = "InsideUnitTesting", "InsideUnitTesting\InsideUnitTesting.csproj", "{8BA7E94A-88DE-4523-A817-4D3CEB626068}"
EndProject
Project("{9A19103F-16F7-4668-BE54-9A1E7A4F7556}") = "InsideUnitTesting.UnitTests", "InsideUnitTesting.Tests\InsideUnitTesting.UnitTests.csproj", "{6B189EA7-9C1E-440D-9B4D-75562DA63083}"
EndProject
Project("{FAE04EC0-301F-11D3-BF4B-00C04F79EFBC}") = "InsideUnitTesting.ComponentTests", "InsideUnitTesting.ComponentTests\InsideUnitTesting.ComponentTests.csproj", "{9C5492F6-7D44-4359-8B2F-4F767176E20C}"
EndProject
Project("{FAE04EC0-301F-11D3-BF4B-00C04F79EFBC}") = "InsideUnitTesting.IntegrationTests", "InsideUnitTesting.IntegrationTests\InsideUnitTesting.IntegrationTests.csproj", "{97AD6FF8-EBA9-4C37-A15D-BB5D8DB18A30}"
EndProject
Global
	GlobalSection(SolutionConfigurationPlatforms) = preSolution
		Debug|Any CPU = Debug|Any CPU
		Release|Any CPU = Release|Any CPU
	EndGlobalSection
	GlobalSection(ProjectConfigurationPlatforms) = postSolution
		{8BA7E94A-88DE-4523-A817-4D3CEB626068}.Debug|Any CPU.ActiveCfg = Debug|Any CPU
		{8BA7E94A-88DE-4523-A817-4D3CEB626068}.Debug|Any CPU.Build.0 = Debug|Any CPU
		{8BA7E94A-88DE-4523-A817-4D3CEB626068}.Release|Any CPU.ActiveCfg = Release|Any CPU
		{8BA7E94A-88DE-4523-A817-4D3CEB626068}.Release|Any CPU.Build.0 = Release|Any CPU
		{6B189EA7-9C1E-440D-9B4D-75562DA63083}.Debug|Any CPU.ActiveCfg = Debug|Any CPU
		{6B189EA7-9C1E-440D-9B4D-75562DA63083}.Debug|Any CPU.Build.0 = Debug|Any CPU
		{6B189EA7-9C1E-440D-9B4D-75562DA63083}.Release|Any CPU.ActiveCfg = Release|Any CPU
		{6B189EA7-9C1E-440D-9B4D-75562DA63083}.Release|Any CPU.Build.0 = Release|Any CPU
		{9C5492F6-7D44-4359-8B2F-4F767176E20C}.Debug|Any CPU.ActiveCfg = Debug|Any CPU
		{9C5492F6-7D44-4359-8B2F-4F767176E20C}.Debug|Any CPU.Build.0 = Debug|Any CPU
		{9C5492F6-7D44-4359-8B2F-4F767176E20C}.Release|Any CPU.ActiveCfg = Release|Any CPU
		{9C5492F6-7D44-4359-8B2F-4F767176E20C}.Release|Any CPU.Build.0 = Release|Any CPU
		{97AD6FF8-EBA9-4C37-A15D-BB5D8DB18A30}.Debug|Any CPU.ActiveCfg = Debug|Any CPU
		{97AD6FF8-EBA9-4C37-A15D-BB5D8DB18A30}.Debug|Any CPU.Build.0 = Debug|Any CPU
		{97AD6FF8-EBA9-4C37-A15D-BB5D8DB18A30}.Release|Any CPU.ActiveCfg = Release|Any CPU
		{97AD6FF8-EBA9-4C37-A15D-BB5D8DB18A30}.Release|Any CPU.Build.0 = Release|Any CPU
	EndGlobalSection
	GlobalSection(SolutionProperties) = preSolution
		HideSolutionNode = FALSE
	EndGlobalSection
	GlobalSection(ExtensibilityGlobals) = postSolution
		SolutionGuid = {1E5B663D-1A98-4177-83A4-81499736324B}
	EndGlobalSection
EndGlobal
